
Microsoft Visual Studio Solution File, Format Version 12.00
# Visual Studio Version 16
VisualStudioVersion = 16.0.29613.14
MinimumVisualStudioVersion = 10.0.40219.1
Project("{9A19103F-16F7-4668-BE54-9A1E7A4F7556}") = "API", "TransferenciaNFC\API.csproj", "{A0A4EAA0-5555-4E74-AA8B-69A0C464EADF}"
EndProject
Project("{9A19103F-16F7-4668-BE54-9A1E7A4F7556}") = "Domain", "Domain\Domain.csproj", "{6F3FC8FF-B709-4E18-B000-B820A2178182}"
EndProject
Project("{9A19103F-16F7-4668-BE54-9A1E7A4F7556}") = "Application", "Application\Application.csproj", "{21817281-839B-457A-8075-75EC19D87EBA}"
EndProject
Project("{FAE04EC0-301F-11D3-BF4B-00C04F79EFBC}") = "Infra", "Infra\Infra.csproj", "{5698233B-48F1-4888-9AEF-1970E4DA1022}"
EndProject
Global
	GlobalSection(SolutionConfigurationPlatforms) = preSolution
		Debug|Any CPU = Debug|Any CPU
		Release|Any CPU = Release|Any CPU
	EndGlobalSection
	GlobalSection(ProjectConfigurationPlatforms) = postSolution
		{A0A4EAA0-5555-4E74-AA8B-69A0C464EADF}.Debug|Any CPU.ActiveCfg = Debug|Any CPU
		{A0A4EAA0-5555-4E74-AA8B-69A0C464EADF}.Debug|Any CPU.Build.0 = Debug|Any CPU
		{A0A4EAA0-5555-4E74-AA8B-69A0C464EADF}.Release|Any CPU.ActiveCfg = Release|Any CPU
		{A0A4EAA0-5555-4E74-AA8B-69A0C464EADF}.Release|Any CPU.Build.0 = Release|Any CPU
		{6F3FC8FF-B709-4E18-B000-B820A2178182}.Debug|Any CPU.ActiveCfg = Debug|Any CPU
		{6F3FC8FF-B709-4E18-B000-B820A2178182}.Debug|Any CPU.Build.0 = Debug|Any CPU
		{6F3FC8FF-B709-4E18-B000-B820A2178182}.Release|Any CPU.ActiveCfg = Release|Any CPU
		{6F3FC8FF-B709-4E18-B000-B820A2178182}.Release|Any CPU.Build.0 = Release|Any CPU
		{21817281-839B-457A-8075-75EC19D87EBA}.Debug|Any CPU.ActiveCfg = Debug|Any CPU
		{21817281-839B-457A-8075-75EC19D87EBA}.Debug|Any CPU.Build.0 = Debug|Any CPU
		{21817281-839B-457A-8075-75EC19D87EBA}.Release|Any CPU.ActiveCfg = Release|Any CPU
		{21817281-839B-457A-8075-75EC19D87EBA}.Release|Any CPU.Build.0 = Release|Any CPU
		{5698233B-48F1-4888-9AEF-1970E4DA1022}.Debug|Any CPU.ActiveCfg = Debug|Any CPU
		{5698233B-48F1-4888-9AEF-1970E4DA1022}.Debug|Any CPU.Build.0 = Debug|Any CPU
		{5698233B-48F1-4888-9AEF-1970E4DA1022}.Release|Any CPU.ActiveCfg = Release|Any CPU
		{5698233B-48F1-4888-9AEF-1970E4DA1022}.Release|Any CPU.Build.0 = Release|Any CPU
	EndGlobalSection
	GlobalSection(SolutionProperties) = preSolution
		HideSolutionNode = FALSE
	EndGlobalSection
	GlobalSection(ExtensibilityGlobals) = postSolution
		SolutionGuid = {BF9E97E7-34FC-4D49-B722-2C9DB5DAA6E1}
	EndGlobalSection
EndGlobal
